
Microsoft Visual Studio Solution File, Format Version 12.00
# Visual Studio Version 17
VisualStudioVersion = 17.2.32616.157
MinimumVisualStudioVersion = 10.0.40219.1
Project("{FAE04EC0-301F-11D3-BF4B-00C04F79EFBC}") = "MoodAnalyserProblem", "MoodAnalyserProblem\MoodAnalyserProblem.csproj", "{5D799D00-EA3C-43F6-8953-40D2B350E91B}"
EndProject
Project("{FAE04EC0-301F-11D3-BF4B-00C04F79EFBC}") = "TestProject1", "TestProject1\TestProject1.csproj", "{F9C7E26E-E1C4-4230-8066-49A936084807}"
EndProject
Global
	GlobalSection(SolutionConfigurationPlatforms) = preSolution
		Debug|Any CPU = Debug|Any CPU
		Release|Any CPU = Release|Any CPU
	EndGlobalSection
	GlobalSection(ProjectConfigurationPlatforms) = postSolution
		{5D799D00-EA3C-43F6-8953-40D2B350E91B}.Debug|Any CPU.ActiveCfg = Debug|Any CPU
		{5D799D00-EA3C-43F6-8953-40D2B350E91B}.Debug|Any CPU.Build.0 = Debug|Any CPU
		{5D799D00-EA3C-43F6-8953-40D2B350E91B}.Release|Any CPU.ActiveCfg = Release|Any CPU
		{5D799D00-EA3C-43F6-8953-40D2B350E91B}.Release|Any CPU.Build.0 = Release|Any CPU
		{F9C7E26E-E1C4-4230-8066-49A936084807}.Debug|Any CPU.ActiveCfg = Debug|Any CPU
		{F9C7E26E-E1C4-4230-8066-49A936084807}.Debug|Any CPU.Build.0 = Debug|Any CPU
		{F9C7E26E-E1C4-4230-8066-49A936084807}.Release|Any CPU.ActiveCfg = Release|Any CPU
		{F9C7E26E-E1C4-4230-8066-49A936084807}.Release|Any CPU.Build.0 = Release|Any CPU
	EndGlobalSection
	GlobalSection(SolutionProperties) = preSolution
		HideSolutionNode = FALSE
	EndGlobalSection
	GlobalSection(ExtensibilityGlobals) = postSolution
		SolutionGuid = {252AEBCD-F63A-4E4E-B16D-68E5A9644DE8}
	EndGlobalSection
EndGlobal
